
Microsoft Visual Studio Solution File, Format Version 12.00
# Visual Studio Version 17
VisualStudioVersion = 17.1.32210.238
MinimumVisualStudioVersion = 10.0.40219.1
Project("{FAE04EC0-301F-11D3-BF4B-00C04F79EFBC}") = "Alluvion Moon Base Alpha", "Alluvion Moon Base Alpha.csproj", "{3E13B4A5-C3B5-48CE-9B76-D8A249E88556}"
EndProject
Global
	GlobalSection(SolutionConfigurationPlatforms) = preSolution
		Debug|Any CPU = Debug|Any CPU
		Release|Any CPU = Release|Any CPU
	EndGlobalSection
	GlobalSection(ProjectConfigurationPlatforms) = postSolution
		{3E13B4A5-C3B5-48CE-9B76-D8A249E88556}.Debug|Any CPU.ActiveCfg = Debug|Any CPU
		{3E13B4A5-C3B5-48CE-9B76-D8A249E88556}.Debug|Any CPU.Build.0 = Debug|Any CPU
		{3E13B4A5-C3B5-48CE-9B76-D8A249E88556}.Release|Any CPU.ActiveCfg = Release|Any CPU
		{3E13B4A5-C3B5-48CE-9B76-D8A249E88556}.Release|Any CPU.Build.0 = Release|Any CPU
	EndGlobalSection
	GlobalSection(SolutionProperties) = preSolution
		HideSolutionNode = FALSE
	EndGlobalSection
	GlobalSection(ExtensibilityGlobals) = postSolution
		SolutionGuid = {525FAFD7-2CD6-499F-8FAE-6884E63A8652}
	EndGlobalSection
EndGlobal
